
Microsoft Visual Studio Solution File, Format Version 12.00
# Visual Studio Version 16
VisualStudioVersion = 16.0.31624.102
MinimumVisualStudioVersion = 10.0.40219.1
Project("{FAE04EC0-301F-11D3-BF4B-00C04F79EFBC}") = "CalcX", "CalcX.csproj", "{55763349-AD44-4509-A273-DFA20235FAF1}"
EndProject
Global
	GlobalSection(SolutionConfigurationPlatforms) = preSolution
		Debug|Any CPU = Debug|Any CPU
		Release|Any CPU = Release|Any CPU
	EndGlobalSection
	GlobalSection(ProjectConfigurationPlatforms) = postSolution
		{55763349-AD44-4509-A273-DFA20235FAF1}.Debug|Any CPU.ActiveCfg = Debug|Any CPU
		{55763349-AD44-4509-A273-DFA20235FAF1}.Debug|Any CPU.Build.0 = Debug|Any CPU
		{55763349-AD44-4509-A273-DFA20235FAF1}.Release|Any CPU.ActiveCfg = Release|Any CPU
		{55763349-AD44-4509-A273-DFA20235FAF1}.Release|Any CPU.Build.0 = Release|Any CPU
	EndGlobalSection
	GlobalSection(SolutionProperties) = preSolution
		HideSolutionNode = FALSE
	EndGlobalSection
	GlobalSection(ExtensibilityGlobals) = postSolution
		SolutionGuid = {8BC69A91-3D3E-4FFC-A269-2B64F924D578}
	EndGlobalSection
EndGlobal
